<?xml version="1.0" encoding="utf-8"?>
<Project ToolsVersion="4.0" xmlns="http://schemas.microsoft.com/developer/msbuild/2003">
  <ItemGroup>
    <Filter Include="Source Files">
      <UniqueIdentifier>{4FC737F1-C7A5-4376-A066-2A32D752A2FF}</UniqueIdentifier>
      <Extensions>cpp;c;cc;cxx;def;odl;idl;hpj;bat;asm;asmx</Extensions>
    </Filter>
    <Filter Include="Header Files">
      <UniqueIdentifier>{93995380-89BD-4b04-88EB-625FBE52EBFB}</UniqueIdentifier>
      <Extensions>h;hh;hpp;hxx;hm;inl;inc;xsd</Extensions>
    </Filter>
    <Filter Include="Resource Files">
      <UniqueIdentifier>{67DA6AB6-F800-4c08-8B7A-83BB121AAD01}</UniqueIdentifier>
      <Extensions>rc;ico;cur;bmp;dlg;rc2;rct;bin;rgs;gif;jpg;jpeg;jpe;resx;tiff;tif;png;wav;mfcribbon-ms</Extensions>
    </Filter>
    <Filter Include="Libraries">
      <UniqueIdentifier>{7d56277e-c72c-4132-8c33-9266af15b921}</UniqueIdentifier>
    </Filter>
    <Filter Include="Shaders">
      <UniqueIdentifier>{43cf8eac-3d55-4145-b05d-d50e6ee3ed08}</UniqueIdentifier>
    </Filter>
    <Filter Include="Header Files\Objects">
      <UniqueIdentifier>{5d3d4439-642c-4131-91d2-71b2e2535d70}</UniqueIdentifier>
    </Filter>
    <Filter Include="Header Files\System">
      <UniqueIdentifier>{312a6664-216b-46d9-aa98-32830ca36f72}</UniqueIdentifier>
    </Filter>
    <Filter Include="Header Files\Object Shaders">
      <UniqueIdentifier>{2c131020-e8be-46f5-895c-85fa7ff3833a}</UniqueIdentifier>
    </Filter>
    <Filter Include="Header Files\Objects\Rain">
      <UniqueIdentifier>{82a466be-4fbc-47b3-8f48-d23539f463a2}</UniqueIdentifier>
    </Filter>
    <Filter Include="Source Files\Objects">
      <UniqueIdentifier>{cd100dc9-8025-4bc8-905c-038b3897ec1a}</UniqueIdentifier>
    </Filter>
    <Filter Include="Source Files\System">
      <UniqueIdentifier>{cc62461f-d8cc-462f-916b-ec78495a2835}</UniqueIdentifier>
    </Filter>
    <Filter Include="Source Files\Object Shaders">
      <UniqueIdentifier>{40878976-426d-495c-ae9e-a3965a36d138}</UniqueIdentifier>
    </Filter>
  </ItemGroup>
  <ItemGroup>
    <ClInclude Include="loadmodel.h">
      <Filter>Header Files</Filter>
    </ClInclude>
    <ClInclude Include="vertex.h">
      <Filter>Header Files</Filter>
    </ClInclude>
    <ClInclude Include="assimpImporter.h">
      <Filter>Header Files\Objects</Filter>
    </ClInclude>
    <ClInclude Include="bitmapclass.h">
      <Filter>Header Files\Objects</Filter>
    </ClInclude>
    <ClInclude Include="cameraclass.h">
      <Filter>Header Files\Objects</Filter>
    </ClInclude>
    <ClInclude Include="colourshaderclass.h">
      <Filter>Header Files\Object Shaders</Filter>
    </ClInclude>
    <ClInclude Include="CPUClass.h">
      <Filter>Header Files\System</Filter>
    </ClInclude>
    <ClInclude Include="d3dclass.h">
      <Filter>Header Files\System</Filter>
    </ClInclude>
    <ClInclude Include="DebugWindowClass.h">
      <Filter>Header Files\Objects</Filter>
    </ClInclude>
    <ClInclude Include="fontclass.h">
      <Filter>Header Files\System</Filter>
    </ClInclude>
    <ClInclude Include="FPSClass.h">
      <Filter>Header Files\System</Filter>
    </ClInclude>
    <ClInclude Include="graphicsclass.h">
      <Filter>Header Files\System</Filter>
    </ClInclude>
    <ClInclude Include="inputclass.h">
      <Filter>Header Files\System</Filter>
    </ClInclude>
    <ClInclude Include="lightclass.h">
      <Filter>Header Files\Objects</Filter>
    </ClInclude>
    <ClInclude Include="lightshaderclass.h">
      <Filter>Header Files\Object Shaders</Filter>
    </ClInclude>
    <ClInclude Include="LineClass.h">
      <Filter>Header Files\Objects</Filter>
    </ClInclude>
    <ClInclude Include="LineShader.h">
      <Filter>Header Files\Object Shaders</Filter>
    </ClInclude>
    <ClInclude Include="modelclass.h">
      <Filter>Header Files\Objects</Filter>
    </ClInclude>
    <ClInclude Include="rain.h">
      <Filter>Header Files\Objects\Rain</Filter>
    </ClInclude>
    <ClInclude Include="RainController.h">
      <Filter>Header Files\Objects\Rain</Filter>
    </ClInclude>
    <ClInclude Include="RenderTextureClass.h">
      <Filter>Header Files\Objects</Filter>
    </ClInclude>
    <ClInclude Include="ShadowShaderClass.h">
      <Filter>Header Files\Object Shaders</Filter>
    </ClInclude>
    <ClInclude Include="Systemclass.h">
      <Filter>Header Files\System</Filter>
    </ClInclude>
    <ClInclude Include="textureshaderclass.h">
      <Filter>Header Files\Object Shaders</Filter>
    </ClInclude>
    <ClInclude Include="textureclass.h">
      <Filter>Header Files\Objects</Filter>
    </ClInclude>
    <ClInclude Include="timerclass.h">
      <Filter>Header Files\System</Filter>
    </ClInclude>
    <ClInclude Include="fontshaderclass.h">
      <Filter>Header Files\Object Shaders</Filter>
    </ClInclude>
    <ClInclude Include="DepthShaderClass.h">
      <Filter>Header Files\Object Shaders</Filter>
    </ClInclude>
    <ClInclude Include="textclass.h">
      <Filter>Header Files\Objects</Filter>
    </ClInclude>
  </ItemGroup>
  <ItemGroup>
    <ClCompile Include="assimpImporter.cpp">
      <Filter>Source Files\Objects</Filter>
    </ClCompile>
    <ClCompile Include="bitmapclass.cpp">
      <Filter>Source Files\Objects</Filter>
    </ClCompile>
    <ClCompile Include="cameraclass.cpp">
      <Filter>Source Files\Objects</Filter>
    </ClCompile>
    <ClCompile Include="colourshaderclass.cpp">
      <Filter>Source Files\Object Shaders</Filter>
    </ClCompile>
    <ClCompile Include="CPUClass.cpp">
      <Filter>Source Files\System</Filter>
    </ClCompile>
    <ClCompile Include="d3dclass.cpp">
      <Filter>Source Files\System</Filter>
    </ClCompile>
    <ClCompile Include="DebugWindowClass.cpp">
      <Filter>Source Files\Objects</Filter>
    </ClCompile>
    <ClCompile Include="fontclass.cpp">
      <Filter>Source Files\System</Filter>
    </ClCompile>
    <ClCompile Include="FPSClass.cpp">
      <Filter>Source Files\System</Filter>
    </ClCompile>
    <ClCompile Include="graphicsclass.cpp">
      <Filter>Source Files\System</Filter>
    </ClCompile>
    <ClCompile Include="inputclass.cpp">
      <Filter>Source Files\System</Filter>
    </ClCompile>
    <ClCompile Include="lightclass.cpp">
      <Filter>Source Files\Objects</Filter>
    </ClCompile>
    <ClCompile Include="lightshaderclass.cpp">
      <Filter>Source Files\Object Shaders</Filter>
    </ClCompile>
    <ClCompile Include="LineClass.cpp">
      <Filter>Source Files\Objects</Filter>
    </ClCompile>
    <ClCompile Include="LineShader.cpp">
      <Filter>Source Files\Object Shaders</Filter>
    </ClCompile>
    <ClCompile Include="main.cpp">
      <Filter>Source Files\System</Filter>
    </ClCompile>
    <ClCompile Include="modelclass.cpp">
      <Filter>Source Files\Objects</Filter>
    </ClCompile>
    <ClCompile Include="rain.cpp">
      <Filter>Source Files\Objects</Filter>
    </ClCompile>
    <ClCompile Include="RainController.cpp">
      <Filter>Source Files\Objects</Filter>
    </ClCompile>
    <ClCompile Include="RenderTextureClass.cpp">
      <Filter>Source Files\Objects</Filter>
    </ClCompile>
    <ClCompile Include="ShadowShaderClass.cpp">
      <Filter>Source Files\Object Shaders</Filter>
    </ClCompile>
    <ClCompile Include="systemclass.cpp">
      <Filter>Source Files\System</Filter>
    </ClCompile>
    <ClCompile Include="textureclass.cpp">
      <Filter>Source Files\Objects</Filter>
    </ClCompile>
    <ClCompile Include="textureshaderclass.cpp">
      <Filter>Source Files\Object Shaders</Filter>
    </ClCompile>
    <ClCompile Include="timerclass.cpp">
      <Filter>Source Files\System</Filter>
    </ClCompile>
    <ClCompile Include="fontshaderclass.cpp">
      <Filter>Source Files\Object Shaders</Filter>
    </ClCompile>
    <ClCompile Include="textclass.cpp">
      <Filter>Source Files</Filter>
    </ClCompile>
    <ClCompile Include="DepthShaderClass.cpp">
      <Filter>Source Files</Filter>
    </ClCompile>
  </ItemGroup>
  <ItemGroup>
    <None Include="color.ps">
      <Filter>Shaders</Filter>
    </None>
    <None Include="color.vs">
      <Filter>Shaders</Filter>
    </None>
    <None Include="texture.ps">
      <Filter>Shaders</Filter>
    </None>
    <None Include="texture.vs">
      <Filter>Shaders</Filter>
    </None>
    <None Include="light.ps">
      <Filter>Shaders</Filter>
    </None>
    <None Include="light.vs">
      <Filter>Shaders</Filter>
    </None>
    <None Include="..\assimp.dll" />
  </ItemGroup>
  <ItemGroup>
    <FxCompile Include="rain.hlsl">
      <Filter>Shaders</Filter>
    </FxCompile>
    <FxCompile Include="rain.fx">
      <Filter>Shaders</Filter>
    </FxCompile>
    <FxCompile Include="LineVertexShader.hlsl">
      <Filter>Shaders</Filter>
    </FxCompile>
    <FxCompile Include="LinePixelShader.hlsl">
      <Filter>Shaders</Filter>
    </FxCompile>
    <FxCompile Include="ShadowVertexShader.hlsl">
      <Filter>Shaders</Filter>
    </FxCompile>
    <FxCompile Include="ShadowPixelShader.hlsl">
      <Filter>Shaders</Filter>
    </FxCompile>
    <FxCompile Include="FontVertexShader.hlsl">
      <Filter>Shaders</Filter>
    </FxCompile>
    <FxCompile Include="FontPixelShader.hlsl">
      <Filter>Shaders</Filter>
    </FxCompile>
    <FxCompile Include="RainPixelShader.hlsl">
      <Filter>Shaders</Filter>
    </FxCompile>
    <FxCompile Include="DepthVertexShader.hlsl">
      <Filter>Shaders</Filter>
    </FxCompile>
    <FxCompile Include="DepthPixelShader.hlsl">
      <Filter>Shaders</Filter>
    </FxCompile>
    <FxCompile Include="RainVertexShader.hlsl">
      <Filter>Shaders</Filter>
    </FxCompile>
    <FxCompile Include="RandomVertexShader.hlsl">
      <Filter>Shaders</Filter>
    </FxCompile>
    <FxCompile Include="RandomPixelShader.hlsl">
      <Filter>Shaders</Filter>
    </FxCompile>
  </ItemGroup>
</Project>